
Microsoft Visual Studio Solution File, Format Version 12.00
# Visual Studio Version 17
VisualStudioVersion = 17.12.35506.116 d17.12
MinimumVisualStudioVersion = 10.0.40219.1
Project("{FAE04EC0-301F-11D3-BF4B-00C04F79EFBC}") = "FunctionApp10", "FunctionApp10\FunctionApp10.csproj", "{92FB9E83-5868-4628-9E81-C9B27FF655B0}"
EndProject
Project("{FAE04EC0-301F-11D3-BF4B-00C04F79EFBC}") = "FunctionApp10.AppHost", "FunctionApp10.AppHost\FunctionApp10.AppHost.csproj", "{B9E62649-74F8-4E60-9304-B751AF3997D7}"
EndProject
Project("{FAE04EC0-301F-11D3-BF4B-00C04F79EFBC}") = "FunctionApp10.ServiceDefaults", "FunctionApp10.ServiceDefaults\FunctionApp10.ServiceDefaults.csproj", "{1CBFEBCE-A20D-4245-8F21-3F8672523B0C}"
EndProject
Global
	GlobalSection(SolutionConfigurationPlatforms) = preSolution
		Debug|Any CPU = Debug|Any CPU
		Release|Any CPU = Release|Any CPU
	EndGlobalSection
	GlobalSection(ProjectConfigurationPlatforms) = postSolution
		{92FB9E83-5868-4628-9E81-C9B27FF655B0}.Debug|Any CPU.ActiveCfg = Debug|Any CPU
		{92FB9E83-5868-4628-9E81-C9B27FF655B0}.Debug|Any CPU.Build.0 = Debug|Any CPU
		{92FB9E83-5868-4628-9E81-C9B27FF655B0}.Release|Any CPU.ActiveCfg = Release|Any CPU
		{92FB9E83-5868-4628-9E81-C9B27FF655B0}.Release|Any CPU.Build.0 = Release|Any CPU
		{B9E62649-74F8-4E60-9304-B751AF3997D7}.Debug|Any CPU.ActiveCfg = Debug|Any CPU
		{B9E62649-74F8-4E60-9304-B751AF3997D7}.Debug|Any CPU.Build.0 = Debug|Any CPU
		{B9E62649-74F8-4E60-9304-B751AF3997D7}.Release|Any CPU.ActiveCfg = Release|Any CPU
		{B9E62649-74F8-4E60-9304-B751AF3997D7}.Release|Any CPU.Build.0 = Release|Any CPU
		{1CBFEBCE-A20D-4245-8F21-3F8672523B0C}.Debug|Any CPU.ActiveCfg = Debug|Any CPU
		{1CBFEBCE-A20D-4245-8F21-3F8672523B0C}.Debug|Any CPU.Build.0 = Debug|Any CPU
		{1CBFEBCE-A20D-4245-8F21-3F8672523B0C}.Release|Any CPU.ActiveCfg = Release|Any CPU
		{1CBFEBCE-A20D-4245-8F21-3F8672523B0C}.Release|Any CPU.Build.0 = Release|Any CPU
	EndGlobalSection
	GlobalSection(SolutionProperties) = preSolution
		HideSolutionNode = FALSE
	EndGlobalSection
EndGlobal
